
Microsoft Visual Studio Solution File, Format Version 12.00
# Visual Studio Version 17
VisualStudioVersion = 17.3.32811.315
MinimumVisualStudioVersion = 10.0.40219.1
Project("{FAE04EC0-301F-11D3-BF4B-00C04F79EFBC}") = "Home_work_3", "Home_work_3\Home_work_3.csproj", "{BB842F6B-267B-4F3A-92A8-F4EED68EBD3B}"
EndProject
Global
	GlobalSection(SolutionConfigurationPlatforms) = preSolution
		Debug|Any CPU = Debug|Any CPU
		Release|Any CPU = Release|Any CPU
	EndGlobalSection
	GlobalSection(ProjectConfigurationPlatforms) = postSolution
		{BB842F6B-267B-4F3A-92A8-F4EED68EBD3B}.Debug|Any CPU.ActiveCfg = Debug|Any CPU
		{BB842F6B-267B-4F3A-92A8-F4EED68EBD3B}.Debug|Any CPU.Build.0 = Debug|Any CPU
		{BB842F6B-267B-4F3A-92A8-F4EED68EBD3B}.Release|Any CPU.ActiveCfg = Release|Any CPU
		{BB842F6B-267B-4F3A-92A8-F4EED68EBD3B}.Release|Any CPU.Build.0 = Release|Any CPU
	EndGlobalSection
	GlobalSection(SolutionProperties) = preSolution
		HideSolutionNode = FALSE
	EndGlobalSection
	GlobalSection(ExtensibilityGlobals) = postSolution
		SolutionGuid = {B60C9996-BC11-4A86-AEBF-869AA7EE09F9}
	EndGlobalSection
EndGlobal
